
Microsoft Visual Studio Solution File, Format Version 12.00
# Visual Studio Version 17
VisualStudioVersion = 17.14.36310.24 d17.14
MinimumVisualStudioVersion = 10.0.40219.1
Project("{FAE04EC0-301F-11D3-BF4B-00C04F79EFBC}") = "FirstCRUDApplication1", "FirstCRUDApplication1\FirstCRUDApplication1.csproj", "{E109A9FE-1BAC-494D-8DE0-CB285907CA72}"
EndProject
Global
	GlobalSection(SolutionConfigurationPlatforms) = preSolution
		Debug|Any CPU = Debug|Any CPU
		Release|Any CPU = Release|Any CPU
	EndGlobalSection
	GlobalSection(ProjectConfigurationPlatforms) = postSolution
		{E109A9FE-1BAC-494D-8DE0-CB285907CA72}.Debug|Any CPU.ActiveCfg = Debug|Any CPU
		{E109A9FE-1BAC-494D-8DE0-CB285907CA72}.Debug|Any CPU.Build.0 = Debug|Any CPU
		{E109A9FE-1BAC-494D-8DE0-CB285907CA72}.Release|Any CPU.ActiveCfg = Release|Any CPU
		{E109A9FE-1BAC-494D-8DE0-CB285907CA72}.Release|Any CPU.Build.0 = Release|Any CPU
	EndGlobalSection
	GlobalSection(SolutionProperties) = preSolution
		HideSolutionNode = FALSE
	EndGlobalSection
	GlobalSection(ExtensibilityGlobals) = postSolution
		SolutionGuid = {749FAEA5-E93F-4EFA-8856-11013E185C1E}
	EndGlobalSection
EndGlobal
